// !$*UTF8*$!
{
	archiveVersion = 1;
	classes = {
	};
	objectVersion = 56;
	objects = {

/* Begin PBXBuildFile section */
		0447AF612B8729C80080D222 /* IMM1App.swift in Sources */ = {isa = PBXBuildFile; fileRef = 0447AF602B8729C80080D222 /* IMM1App.swift */; };
		0447AF7E2B872BBC0080D222 /* View.swift in Sources */ = {isa = PBXBuildFile; fileRef = 0447AF7A2B872BBC0080D222 /* View.swift */; };
		0447AF7F2B872BBC0080D222 /* dismissKeyboard.swift in Sources */ = {isa = PBXBuildFile; fileRef = 0447AF7B2B872BBC0080D222 /* dismissKeyboard.swift */; };
		0447AF802B872BBC0080D222 /* String.swift in Sources */ = {isa = PBXBuildFile; fileRef = 0447AF7C2B872BBC0080D222 /* String.swift */; };
		0447AF862B872BE40080D222 /* ImagePicker.swift in Sources */ = {isa = PBXBuildFile; fileRef = 0447AF842B872BE40080D222 /* ImagePicker.swift */; };
		0447AF972B872C520080D222 /* FoodOption.swift in Sources */ = {isa = PBXBuildFile; fileRef = 0447AF8D2B872C520080D222 /* FoodOption.swift */; };
		0447AF982B872C520080D222 /* User.swift in Sources */ = {isa = PBXBuildFile; fileRef = 0447AF8E2B872C520080D222 /* User.swift */; };
		0447AFB62B872C980080D222 /* ShopView.swift in Sources */ = {isa = PBXBuildFile; fileRef = 0447AFA22B872C980080D222 /* ShopView.swift */; };
		0447AFB72B872C980080D222 /* FavoriteView.swift in Sources */ = {isa = PBXBuildFile; fileRef = 0447AFA32B872C980080D222 /* FavoriteView.swift */; };
		0447AFB82B872C980080D222 /* MyView.swift in Sources */ = {isa = PBXBuildFile; fileRef = 0447AFA42B872C980080D222 /* MyView.swift */; };
		0447AFB92B872C980080D222 /* HyperlipidemiaView.swift in Sources */ = {isa = PBXBuildFile; fileRef = 0447AFA52B872C980080D222 /* HyperlipidemiaView.swift */; };
		0447AFBA2B872C980080D222 /* SpinnerView.swift in Sources */ = {isa = PBXBuildFile; fileRef = 0447AFA62B872C980080D222 /* SpinnerView.swift */; };
		0447AFBC2B872C980080D222 /* DynamicView.swift in Sources */ = {isa = PBXBuildFile; fileRef = 0447AFA82B872C980080D222 /* DynamicView.swift */; };
		0447AFBD2B872C980080D222 /* PlanView.swift in Sources */ = {isa = PBXBuildFile; fileRef = 0447AFA92B872C980080D222 /* PlanView.swift */; };
		0447AFBE2B872C980080D222 /* SigninView.swift in Sources */ = {isa = PBXBuildFile; fileRef = 0447AFAA2B872C980080D222 /* SigninView.swift */; };
		0447AFBF2B872C980080D222 /* CookView.swift in Sources */ = {isa = PBXBuildFile; fileRef = 0447AFAB2B872C980080D222 /* CookView.swift */; };
		0447AFC02B872C980080D222 /* HypertensionView.swift in Sources */ = {isa = PBXBuildFile; fileRef = 0447AFAC2B872C980080D222 /* HypertensionView.swift */; };
		0447AFC12B872C980080D222 /* AdjustedView.swift in Sources */ = {isa = PBXBuildFile; fileRef = 0447AFAD2B872C980080D222 /* AdjustedView.swift */; };
		0447AFC22B872C980080D222 /* NowView.swift in Sources */ = {isa = PBXBuildFile; fileRef = 0447AFAE2B872C980080D222 /* NowView.swift */; };
		0447AFC32B872C980080D222 /* ForgePasswordView.swift in Sources */ = {isa = PBXBuildFile; fileRef = 0447AFAF2B872C980080D222 /* ForgePasswordView.swift */; };
		0447AFC42B872C980080D222 /* StockView.swift in Sources */ = {isa = PBXBuildFile; fileRef = 0447AFB02B872C980080D222 /* StockView.swift */; };
		0447AFC52B872C980080D222 /* SignupView.swift in Sources */ = {isa = PBXBuildFile; fileRef = 0447AFB12B872C980080D222 /* SignupView.swift */; };
		0447AFC62B872C980080D222 /* HyperglycemiaView.swift in Sources */ = {isa = PBXBuildFile; fileRef = 0447AFB22B872C980080D222 /* HyperglycemiaView.swift */; };
		0447AFC72B872C980080D222 /* BMIView.swift in Sources */ = {isa = PBXBuildFile; fileRef = 0447AFB32B872C980080D222 /* BMIView.swift */; };
		0447AFC82B872C980080D222 /* ContentView.swift in Sources */ = {isa = PBXBuildFile; fileRef = 0447AFB42B872C980080D222 /* ContentView.swift */; };
		0447AFD12B872D110080D222 /* MemberButton.swift in Sources */ = {isa = PBXBuildFile; fileRef = 0447AFCB2B872D110080D222 /* MemberButton.swift */; };
		0447AFD22B872D110080D222 /* CustomButton.swift in Sources */ = {isa = PBXBuildFile; fileRef = 0447AFCC2B872D110080D222 /* CustomButton.swift */; };
		0447AFD32B872D110080D222 /* TagButton.swift in Sources */ = {isa = PBXBuildFile; fileRef = 0447AFCD2B872D110080D222 /* TagButton.swift */; };
		0447AFD42B872D110080D222 /* FoodSelectionView.swift in Sources */ = {isa = PBXBuildFile; fileRef = 0447AFCE2B872D110080D222 /* FoodSelectionView.swift */; };
		0447AFD52B872D110080D222 /* InformationLabel.swift in Sources */ = {isa = PBXBuildFile; fileRef = 0447AFCF2B872D110080D222 /* InformationLabel.swift */; };
		0447AFD62B872D110080D222 /* EditPlanView.swift in Sources */ = {isa = PBXBuildFile; fileRef = 0447AFD02B872D110080D222 /* EditPlanView.swift */; };
		0447AFDA2B872F7C0080D222 /* BMI.xcassets in Resources */ = {isa = PBXBuildFile; fileRef = 0447AFD82B872F7C0080D222 /* BMI.xcassets */; };
		0447AFDB2B872F7C0080D222 /* Userlike.xcassets in Resources */ = {isa = PBXBuildFile; fileRef = 0447AFD92B872F7C0080D222 /* Userlike.xcassets */; };
		0447AFDD2B8730F60080D222 /* Assets.xcassets in Resources */ = {isa = PBXBuildFile; fileRef = 0447AFDC2B8730F60080D222 /* Assets.xcassets */; };
		0459852F2BB0285E006D8807 /* PlanManager.swift in Sources */ = {isa = PBXBuildFile; fileRef = 0459852E2BB0285E006D8807 /* PlanManager.swift */; };
		049CD69A2BC9156A00D7AA8E /* BMI.swift in Sources */ = {isa = PBXBuildFile; fileRef = 049CD6992BC9156A00D7AA8E /* BMI.swift */; };
		049CD6C22BCB794700D7AA8E /* BMIRecordViewModel.swift in Sources */ = {isa = PBXBuildFile; fileRef = 049CD6C12BCB794700D7AA8E /* BMIRecordViewModel.swift */; };
		049CD6C42BCBA72E00D7AA8E /* Menu.swift in Sources */ = {isa = PBXBuildFile; fileRef = 049CD6C32BCBA72E00D7AA8E /* Menu.swift */; };
		04CE658A2C58C929001B45C9 /* AIView.swift in Sources */ = {isa = PBXBuildFile; fileRef = 04CE65892C58C929001B45C9 /* AIView.swift */; };
		04CE659A2C5A055F001B45C9 /* CameraView.swift in Sources */ = {isa = PBXBuildFile; fileRef = 04CE65992C5A055F001B45C9 /* CameraView.swift */; };
		04FE2EA22C1C278A00A3C730 /* Color.xcassets in Resources */ = {isa = PBXBuildFile; fileRef = 04FE2EA12C1C278A00A3C730 /* Color.xcassets */; };
		1C0081722BF07CD000720927 /* PastRecipesView.swift in Sources */ = {isa = PBXBuildFile; fileRef = 1C0081712BF07CD000720927 /* PastRecipesView.swift */; };
		1C14F56B2C8806E900F2F1ED /* AIRecipeBlock.swift in Sources */ = {isa = PBXBuildFile; fileRef = 1C14F56A2C8806E900F2F1ED /* AIRecipeBlock.swift */; };
		1C14F56D2C88073800F2F1ED /* MRecipeView.swift in Sources */ = {isa = PBXBuildFile; fileRef = 1C14F56C2C88073800F2F1ED /* MRecipeView.swift */; };
		1C14F56F2C8846C200F2F1ED /* AIphotoView.swift in Sources */ = {isa = PBXBuildFile; fileRef = 1C14F56E2C8846C200F2F1ED /* AIphotoView.swift */; };
		1C923BF22C61C3540015D6AE /* RecipeProtocol.swift in Sources */ = {isa = PBXBuildFile; fileRef = 1C923BF12C61C3540015D6AE /* RecipeProtocol.swift */; };
		1C923BFA2C621AFC0015D6AE /* RedPanda.xcassets in Resources */ = {isa = PBXBuildFile; fileRef = 1C923BF92C621AFC0015D6AE /* RedPanda.xcassets */; };
		1C9A27482C009DFA006CE811 /* other.xcassets in Resources */ = {isa = PBXBuildFile; fileRef = 1C9A27472C009DFA006CE811 /* other.xcassets */; };
		1C9A274A2C009E29006CE811 /* CookingAiView.swift in Sources */ = {isa = PBXBuildFile; fileRef = 1C9A27492C009E29006CE811 /* CookingAiView.swift */; };
		1C9E4EE22C69ABDE0021B5C3 /* LoadingView.swift in Sources */ = {isa = PBXBuildFile; fileRef = 1C9E4EE12C69ABDE0021B5C3 /* LoadingView.swift */; };
		1C9E4EE42C69B7C70021B5C3 /* GIFImageView.swift in Sources */ = {isa = PBXBuildFile; fileRef = 1C9E4EE32C69B7C70021B5C3 /* GIFImageView.swift */; };
		1C9E4EE62C69E0C40021B5C3 /* VideoPlayerView.swift in Sources */ = {isa = PBXBuildFile; fileRef = 1C9E4EE52C69E0C40021B5C3 /* VideoPlayerView.swift */; };
		1C9E4EE82C6C52140021B5C3 /* Rec_Col_View.swift in Sources */ = {isa = PBXBuildFile; fileRef = 1C9E4EE72C6C52140021B5C3 /* Rec_Col_View.swift */; };
		1C9E4EEA2C6C5BB90021B5C3 /* AIRecipeView.swift in Sources */ = {isa = PBXBuildFile; fileRef = 1C9E4EE92C6C5BB90021B5C3 /* AIRecipeView.swift */; };
		1CA599992BF09D680087A795 /* RecipeBlock.swift in Sources */ = {isa = PBXBuildFile; fileRef = 1CA599982BF09D680087A795 /* RecipeBlock.swift */; };
		1CB7E2B82C902068000B8B08 /* CRecipeDetailBlock.swift in Sources */ = {isa = PBXBuildFile; fileRef = 1CB7E2B72C902068000B8B08 /* CRecipeDetailBlock.swift */; };
		1CB7E2BA2C903092000B8B08 /* F_RecipeBlock.swift in Sources */ = {isa = PBXBuildFile; fileRef = 1CB7E2B92C903092000B8B08 /* F_RecipeBlock.swift */; };
		1CDB20532C77230300AE12B0 /* Custom_recipesView.swift in Sources */ = {isa = PBXBuildFile; fileRef = 1CDB20522C77230300AE12B0 /* Custom_recipesView.swift */; };
		1CDB20552C77242200AE12B0 /* ViewController.swift in Sources */ = {isa = PBXBuildFile; fileRef = 1CDB20542C77242200AE12B0 /* ViewController.swift */; };
		1CDB20572C77247500AE12B0 /* HandPoseDetectionView.swift in Sources */ = {isa = PBXBuildFile; fileRef = 1CDB20562C77247500AE12B0 /* HandPoseDetectionView.swift */; };
		1CF3C5612CC240070058B1B4 /* CA_Recipes_S.swift in Sources */ = {isa = PBXBuildFile; fileRef = 1CF3C5602CC240070058B1B4 /* CA_Recipes_S.swift */; };
/* End PBXBuildFile section */

/* Begin PBXFileReference section */
		0447AF5D2B8729C80080D222 /* IMM1.app */ = {isa = PBXFileReference; explicitFileType = wrapper.application; includeInIndex = 0; path = IMM1.app; sourceTree = BUILT_PRODUCTS_DIR; };
		0447AF602B8729C80080D222 /* IMM1App.swift */ = {isa = PBXFileReference; lastKnownFileType = sourcecode.swift; path = IMM1App.swift; sourceTree = "<group>"; };
		0447AF7A2B872BBC0080D222 /* View.swift */ = {isa = PBXFileReference; fileEncoding = 4; lastKnownFileType = sourcecode.swift; path = View.swift; sourceTree = "<group>"; };
		0447AF7B2B872BBC0080D222 /* dismissKeyboard.swift */ = {isa = PBXFileReference; fileEncoding = 4; lastKnownFileType = sourcecode.swift; path = dismissKeyboard.swift; sourceTree = "<group>"; };
		0447AF7C2B872BBC0080D222 /* String.swift */ = {isa = PBXFileReference; fileEncoding = 4; lastKnownFileType = sourcecode.swift; path = String.swift; sourceTree = "<group>"; };
		0447AF842B872BE40080D222 /* ImagePicker.swift */ = {isa = PBXFileReference; fileEncoding = 4; lastKnownFileType = sourcecode.swift; path = ImagePicker.swift; sourceTree = "<group>"; };
		0447AF8D2B872C520080D222 /* FoodOption.swift */ = {isa = PBXFileReference; fileEncoding = 4; lastKnownFileType = sourcecode.swift; path = FoodOption.swift; sourceTree = "<group>"; };
		0447AF8E2B872C520080D222 /* User.swift */ = {isa = PBXFileReference; fileEncoding = 4; lastKnownFileType = sourcecode.swift; path = User.swift; sourceTree = "<group>"; };
		0447AFA22B872C980080D222 /* ShopView.swift */ = {isa = PBXFileReference; fileEncoding = 4; lastKnownFileType = sourcecode.swift; path = ShopView.swift; sourceTree = "<group>"; };
		0447AFA32B872C980080D222 /* FavoriteView.swift */ = {isa = PBXFileReference; fileEncoding = 4; lastKnownFileType = sourcecode.swift; path = FavoriteView.swift; sourceTree = "<group>"; };
		0447AFA42B872C980080D222 /* MyView.swift */ = {isa = PBXFileReference; fileEncoding = 4; lastKnownFileType = sourcecode.swift; path = MyView.swift; sourceTree = "<group>"; };
		0447AFA52B872C980080D222 /* HyperlipidemiaView.swift */ = {isa = PBXFileReference; fileEncoding = 4; lastKnownFileType = sourcecode.swift; path = HyperlipidemiaView.swift; sourceTree = "<group>"; };
		0447AFA62B872C980080D222 /* SpinnerView.swift */ = {isa = PBXFileReference; fileEncoding = 4; lastKnownFileType = sourcecode.swift; path = SpinnerView.swift; sourceTree = "<group>"; };
		0447AFA82B872C980080D222 /* DynamicView.swift */ = {isa = PBXFileReference; fileEncoding = 4; lastKnownFileType = sourcecode.swift; path = DynamicView.swift; sourceTree = "<group>"; };
		0447AFA92B872C980080D222 /* PlanView.swift */ = {isa = PBXFileReference; fileEncoding = 4; lastKnownFileType = sourcecode.swift; path = PlanView.swift; sourceTree = "<group>"; };
		0447AFAA2B872C980080D222 /* SigninView.swift */ = {isa = PBXFileReference; fileEncoding = 4; lastKnownFileType = sourcecode.swift; path = SigninView.swift; sourceTree = "<group>"; };
		0447AFAB2B872C980080D222 /* CookView.swift */ = {isa = PBXFileReference; fileEncoding = 4; lastKnownFileType = sourcecode.swift; path = CookView.swift; sourceTree = "<group>"; };
		0447AFAC2B872C980080D222 /* HypertensionView.swift */ = {isa = PBXFileReference; fileEncoding = 4; lastKnownFileType = sourcecode.swift; path = HypertensionView.swift; sourceTree = "<group>"; };
		0447AFAD2B872C980080D222 /* AdjustedView.swift */ = {isa = PBXFileReference; fileEncoding = 4; lastKnownFileType = sourcecode.swift; path = AdjustedView.swift; sourceTree = "<group>"; };
		0447AFAE2B872C980080D222 /* NowView.swift */ = {isa = PBXFileReference; fileEncoding = 4; lastKnownFileType = sourcecode.swift; path = NowView.swift; sourceTree = "<group>"; };
		0447AFAF2B872C980080D222 /* ForgePasswordView.swift */ = {isa = PBXFileReference; fileEncoding = 4; lastKnownFileType = sourcecode.swift; path = ForgePasswordView.swift; sourceTree = "<group>"; };
		0447AFB02B872C980080D222 /* StockView.swift */ = {isa = PBXFileReference; fileEncoding = 4; lastKnownFileType = sourcecode.swift; path = StockView.swift; sourceTree = "<group>"; };
		0447AFB12B872C980080D222 /* SignupView.swift */ = {isa = PBXFileReference; fileEncoding = 4; lastKnownFileType = sourcecode.swift; path = SignupView.swift; sourceTree = "<group>"; };
		0447AFB22B872C980080D222 /* HyperglycemiaView.swift */ = {isa = PBXFileReference; fileEncoding = 4; lastKnownFileType = sourcecode.swift; path = HyperglycemiaView.swift; sourceTree = "<group>"; };
		0447AFB32B872C980080D222 /* BMIView.swift */ = {isa = PBXFileReference; fileEncoding = 4; lastKnownFileType = sourcecode.swift; path = BMIView.swift; sourceTree = "<group>"; };
		0447AFB42B872C980080D222 /* ContentView.swift */ = {isa = PBXFileReference; fileEncoding = 4; lastKnownFileType = sourcecode.swift; path = ContentView.swift; sourceTree = "<group>"; };
		0447AFCB2B872D110080D222 /* MemberButton.swift */ = {isa = PBXFileReference; fileEncoding = 4; lastKnownFileType = sourcecode.swift; path = MemberButton.swift; sourceTree = "<group>"; };
		0447AFCC2B872D110080D222 /* CustomButton.swift */ = {isa = PBXFileReference; fileEncoding = 4; lastKnownFileType = sourcecode.swift; path = CustomButton.swift; sourceTree = "<group>"; };
		0447AFCD2B872D110080D222 /* TagButton.swift */ = {isa = PBXFileReference; fileEncoding = 4; lastKnownFileType = sourcecode.swift; path = TagButton.swift; sourceTree = "<group>"; };
		0447AFCE2B872D110080D222 /* FoodSelectionView.swift */ = {isa = PBXFileReference; fileEncoding = 4; lastKnownFileType = sourcecode.swift; path = FoodSelectionView.swift; sourceTree = "<group>"; };
		0447AFCF2B872D110080D222 /* InformationLabel.swift */ = {isa = PBXFileReference; fileEncoding = 4; lastKnownFileType = sourcecode.swift; path = InformationLabel.swift; sourceTree = "<group>"; };
		0447AFD02B872D110080D222 /* EditPlanView.swift */ = {isa = PBXFileReference; fileEncoding = 4; lastKnownFileType = sourcecode.swift; path = EditPlanView.swift; sourceTree = "<group>"; };
		0447AFD82B872F7C0080D222 /* BMI.xcassets */ = {isa = PBXFileReference; lastKnownFileType = folder.assetcatalog; path = BMI.xcassets; sourceTree = "<group>"; };
		0447AFD92B872F7C0080D222 /* Userlike.xcassets */ = {isa = PBXFileReference; lastKnownFileType = folder.assetcatalog; path = Userlike.xcassets; sourceTree = "<group>"; };
		0447AFDC2B8730F60080D222 /* Assets.xcassets */ = {isa = PBXFileReference; lastKnownFileType = folder.assetcatalog; path = Assets.xcassets; sourceTree = "<group>"; };
		0447AFDE2B8731430080D222 /* Info.plist */ = {isa = PBXFileReference; lastKnownFileType = text.plist; path = Info.plist; sourceTree = "<group>"; };
		0459852E2BB0285E006D8807 /* PlanManager.swift */ = {isa = PBXFileReference; lastKnownFileType = sourcecode.swift; path = PlanManager.swift; sourceTree = "<group>"; };
		049CD6992BC9156A00D7AA8E /* BMI.swift */ = {isa = PBXFileReference; lastKnownFileType = sourcecode.swift; path = BMI.swift; sourceTree = "<group>"; };
		049CD6C12BCB794700D7AA8E /* BMIRecordViewModel.swift */ = {isa = PBXFileReference; lastKnownFileType = sourcecode.swift; path = BMIRecordViewModel.swift; sourceTree = "<group>"; };
		049CD6C32BCBA72E00D7AA8E /* Menu.swift */ = {isa = PBXFileReference; lastKnownFileType = sourcecode.swift; path = Menu.swift; sourceTree = "<group>"; };
		04CE65892C58C929001B45C9 /* AIView.swift */ = {isa = PBXFileReference; lastKnownFileType = sourcecode.swift; path = AIView.swift; sourceTree = "<group>"; };
		04CE65992C5A055F001B45C9 /* CameraView.swift */ = {isa = PBXFileReference; lastKnownFileType = sourcecode.swift; path = CameraView.swift; sourceTree = "<group>"; };
		04FE2EA12C1C278A00A3C730 /* Color.xcassets */ = {isa = PBXFileReference; lastKnownFileType = folder.assetcatalog; path = Color.xcassets; sourceTree = "<group>"; };
		1C0081712BF07CD000720927 /* PastRecipesView.swift */ = {isa = PBXFileReference; lastKnownFileType = sourcecode.swift; path = PastRecipesView.swift; sourceTree = "<group>"; };
		1C14F56A2C8806E900F2F1ED /* AIRecipeBlock.swift */ = {isa = PBXFileReference; lastKnownFileType = sourcecode.swift; path = AIRecipeBlock.swift; sourceTree = "<group>"; };
		1C14F56C2C88073800F2F1ED /* MRecipeView.swift */ = {isa = PBXFileReference; lastKnownFileType = sourcecode.swift; path = MRecipeView.swift; sourceTree = "<group>"; };
		1C14F56E2C8846C200F2F1ED /* AIphotoView.swift */ = {isa = PBXFileReference; lastKnownFileType = sourcecode.swift; path = AIphotoView.swift; sourceTree = "<group>"; };
		1C923BF12C61C3540015D6AE /* RecipeProtocol.swift */ = {isa = PBXFileReference; lastKnownFileType = sourcecode.swift; path = RecipeProtocol.swift; sourceTree = "<group>"; };
		1C923BF92C621AFC0015D6AE /* RedPanda.xcassets */ = {isa = PBXFileReference; lastKnownFileType = folder.assetcatalog; path = RedPanda.xcassets; sourceTree = "<group>"; };
		1C9A27472C009DFA006CE811 /* other.xcassets */ = {isa = PBXFileReference; lastKnownFileType = folder.assetcatalog; path = other.xcassets; sourceTree = "<group>"; };
		1C9A27492C009E29006CE811 /* CookingAiView.swift */ = {isa = PBXFileReference; lastKnownFileType = sourcecode.swift; path = CookingAiView.swift; sourceTree = "<group>"; };
		1C9E4EE12C69ABDE0021B5C3 /* LoadingView.swift */ = {isa = PBXFileReference; lastKnownFileType = sourcecode.swift; path = LoadingView.swift; sourceTree = "<group>"; };
		1C9E4EE32C69B7C70021B5C3 /* GIFImageView.swift */ = {isa = PBXFileReference; lastKnownFileType = sourcecode.swift; path = GIFImageView.swift; sourceTree = "<group>"; };
		1C9E4EE52C69E0C40021B5C3 /* VideoPlayerView.swift */ = {isa = PBXFileReference; lastKnownFileType = sourcecode.swift; path = VideoPlayerView.swift; sourceTree = "<group>"; };
		1C9E4EE72C6C52140021B5C3 /* Rec_Col_View.swift */ = {isa = PBXFileReference; lastKnownFileType = sourcecode.swift; path = Rec_Col_View.swift; sourceTree = "<group>"; };
		1C9E4EE92C6C5BB90021B5C3 /* AIRecipeView.swift */ = {isa = PBXFileReference; lastKnownFileType = sourcecode.swift; path = AIRecipeView.swift; sourceTree = "<group>"; };
		1CA599982BF09D680087A795 /* RecipeBlock.swift */ = {isa = PBXFileReference; lastKnownFileType = sourcecode.swift; path = RecipeBlock.swift; sourceTree = "<group>"; };
		1CB7E2B72C902068000B8B08 /* CRecipeDetailBlock.swift */ = {isa = PBXFileReference; lastKnownFileType = sourcecode.swift; path = CRecipeDetailBlock.swift; sourceTree = "<group>"; };
		1CB7E2B92C903092000B8B08 /* F_RecipeBlock.swift */ = {isa = PBXFileReference; lastKnownFileType = sourcecode.swift; path = F_RecipeBlock.swift; sourceTree = "<group>"; };
		1CDB20522C77230300AE12B0 /* Custom_recipesView.swift */ = {isa = PBXFileReference; lastKnownFileType = sourcecode.swift; path = Custom_recipesView.swift; sourceTree = "<group>"; };
		1CDB20542C77242200AE12B0 /* ViewController.swift */ = {isa = PBXFileReference; lastKnownFileType = sourcecode.swift; path = ViewController.swift; sourceTree = "<group>"; };
		1CDB20562C77247500AE12B0 /* HandPoseDetectionView.swift */ = {isa = PBXFileReference; lastKnownFileType = sourcecode.swift; path = HandPoseDetectionView.swift; sourceTree = "<group>"; };
		1CF3C5602CC240070058B1B4 /* CA_Recipes_S.swift */ = {isa = PBXFileReference; lastKnownFileType = sourcecode.swift; path = CA_Recipes_S.swift; sourceTree = "<group>"; };
/* End PBXFileReference section */

/* Begin PBXFrameworksBuildPhase section */
		0447AF5A2B8729C80080D222 /* Frameworks */ = {
			isa = PBXFrameworksBuildPhase;
			buildActionMask = 2147483647;
			files = (
			);
			runOnlyForDeploymentPostprocessing = 0;
		};
/* End PBXFrameworksBuildPhase section */

/* Begin PBXGroup section */
		0447AF542B8729C80080D222 = {
			isa = PBXGroup;
			children = (
				0447AF5F2B8729C80080D222 /* IMM1 */,
				0447AF5E2B8729C80080D222 /* Products */,
			);
			sourceTree = "<group>";
		};
		0447AF5E2B8729C80080D222 /* Products */ = {
			isa = PBXGroup;
			children = (
				0447AF5D2B8729C80080D222 /* IMM1.app */,
			);
			name = Products;
			sourceTree = "<group>";
		};
		0447AF5F2B8729C80080D222 /* IMM1 */ = {
			isa = PBXGroup;
			children = (
				0447AFDE2B8731430080D222 /* Info.plist */,
				0447AF602B8729C80080D222 /* IMM1App.swift */,
				0447AFDC2B8730F60080D222 /* Assets.xcassets */,
				0447AF762B872B900080D222 /* Color */,
				0447AF792B872BBC0080D222 /* Extension */,
				0447AF822B872BE40080D222 /* Function */,
				0447AF872B872C520080D222 /* Model */,
				0447AFD72B872F7C0080D222 /* Preview Content */,
				0447AFA12B872C980080D222 /* View */,
				0447AFCA2B872D110080D222 /* ViewModel */,
			);
			path = IMM1;
			sourceTree = "<group>";
		};
		0447AF762B872B900080D222 /* Color */ = {
			isa = PBXGroup;
			children = (
				04FE2EA12C1C278A00A3C730 /* Color.xcassets */,
			);
			path = Color;
			sourceTree = "<group>";
		};
		0447AF792B872BBC0080D222 /* Extension */ = {
			isa = PBXGroup;
			children = (
				0447AF7A2B872BBC0080D222 /* View.swift */,
				0447AF7B2B872BBC0080D222 /* dismissKeyboard.swift */,
				049CD6C12BCB794700D7AA8E /* BMIRecordViewModel.swift */,
				0447AF7C2B872BBC0080D222 /* String.swift */,
			);
			path = Extension;
			sourceTree = "<group>";
		};
		0447AF822B872BE40080D222 /* Function */ = {
			isa = PBXGroup;
			children = (
				04CE65992C5A055F001B45C9 /* CameraView.swift */,
				0447AF842B872BE40080D222 /* ImagePicker.swift */,
				1C9E4EE32C69B7C70021B5C3 /* GIFImageView.swift */,
				1C923BF12C61C3540015D6AE /* RecipeProtocol.swift */,
				1C9E4EE52C69E0C40021B5C3 /* VideoPlayerView.swift */,
				1CDB20542C77242200AE12B0 /* ViewController.swift */,
				1CDB20562C77247500AE12B0 /* HandPoseDetectionView.swift */,
			);
			path = Function;
			sourceTree = "<group>";
		};
		0447AF872B872C520080D222 /* Model */ = {
			isa = PBXGroup;
			children = (
				049CD6C32BCBA72E00D7AA8E /* Menu.swift */,
				1CF3C5602CC240070058B1B4 /* CA_Recipes_S.swift */,
				049CD6992BC9156A00D7AA8E /* BMI.swift */,
				0447AF8D2B872C520080D222 /* FoodOption.swift */,
				0447AF8E2B872C520080D222 /* User.swift */,
			);
			path = Model;
			sourceTree = "<group>";
		};
		0447AFA12B872C980080D222 /* View */ = {
			isa = PBXGroup;
			children = (
				04CE65892C58C929001B45C9 /* AIView.swift */,
				1C14F56E2C8846C200F2F1ED /* AIphotoView.swift */,
				0447AFAD2B872C980080D222 /* AdjustedView.swift */,
				1C9E4EE92C6C5BB90021B5C3 /* AIRecipeView.swift */,
				0447AFB32B872C980080D222 /* BMIView.swift */,
				0447AFAB2B872C980080D222 /* CookView.swift */,
				1C9A27492C009E29006CE811 /* CookingAiView.swift */,
				0447AFB42B872C980080D222 /* ContentView.swift */,
				1CDB20522C77230300AE12B0 /* Custom_recipesView.swift */,
				0447AFA82B872C980080D222 /* DynamicView.swift */,
				0447AFA32B872C980080D222 /* FavoriteView.swift */,
				0447AFAF2B872C980080D222 /* ForgePasswordView.swift */,
				0447AFA52B872C980080D222 /* HyperlipidemiaView.swift */,
				0447AFAC2B872C980080D222 /* HypertensionView.swift */,
				0447AFB22B872C980080D222 /* HyperglycemiaView.swift */,
				1C9E4EE12C69ABDE0021B5C3 /* LoadingView.swift */,
				0447AFA42B872C980080D222 /* MyView.swift */,
				0447AFAE2B872C980080D222 /* NowView.swift */,
				1C14F56C2C88073800F2F1ED /* MRecipeView.swift */,
				0447AFA92B872C980080D222 /* PlanView.swift */,
				1C0081712BF07CD000720927 /* PastRecipesView.swift */,
				1C9E4EE72C6C52140021B5C3 /* Rec_Col_View.swift */,
				0447AFB02B872C980080D222 /* StockView.swift */,
				0447AFAA2B872C980080D222 /* SigninView.swift */,
				0447AFB12B872C980080D222 /* SignupView.swift */,
				0447AFA22B872C980080D222 /* ShopView.swift */,
				0447AFA62B872C980080D222 /* SpinnerView.swift */,
			);
			path = View;
			sourceTree = "<group>";
		};
		0447AFCA2B872D110080D222 /* ViewModel */ = {
			isa = PBXGroup;
			children = (
				1C14F56A2C8806E900F2F1ED /* AIRecipeBlock.swift */,
				1CB7E2B72C902068000B8B08 /* CRecipeDetailBlock.swift */,
				0447AFCC2B872D110080D222 /* CustomButton.swift */,
				0447AFD02B872D110080D222 /* EditPlanView.swift */,
				1CB7E2B92C903092000B8B08 /* F_RecipeBlock.swift */,
				0447AFCE2B872D110080D222 /* FoodSelectionView.swift */,
				0447AFCF2B872D110080D222 /* InformationLabel.swift */,
				1CA599982BF09D680087A795 /* RecipeBlock.swift */,
				0447AFCB2B872D110080D222 /* MemberButton.swift */,
				0447AFCD2B872D110080D222 /* TagButton.swift */,
				0459852E2BB0285E006D8807 /* PlanManager.swift */,
			);
			path = ViewModel;
			sourceTree = "<group>";
		};
		0447AFD72B872F7C0080D222 /* Preview Content */ = {
			isa = PBXGroup;
			children = (
				0447AFD82B872F7C0080D222 /* BMI.xcassets */,
				1C9A27472C009DFA006CE811 /* other.xcassets */,
				0447AFD92B872F7C0080D222 /* Userlike.xcassets */,
				1C923BF92C621AFC0015D6AE /* RedPanda.xcassets */,
			);
			path = "Preview Content";
			sourceTree = "<group>";
		};
/* End PBXGroup section */

/* Begin PBXNativeTarget section */
		0447AF5C2B8729C80080D222 /* IMM1 */ = {
			isa = PBXNativeTarget;
			buildConfigurationList = 0447AF6B2B8729C90080D222 /* Build configuration list for PBXNativeTarget "IMM1" */;
			buildPhases = (
				0447AF592B8729C80080D222 /* Sources */,
				0447AF5A2B8729C80080D222 /* Frameworks */,
				0447AF5B2B8729C80080D222 /* Resources */,
			);
			buildRules = (
			);
			dependencies = (
			);
			name = IMM1;
			productName = IMM1;
			productReference = 0447AF5D2B8729C80080D222 /* IMM1.app */;
			productType = "com.apple.product-type.application";
		};
/* End PBXNativeTarget section */

/* Begin PBXProject section */
		0447AF552B8729C80080D222 /* Project object */ = {
			isa = PBXProject;
			attributes = {
				BuildIndependentTargetsInParallel = 1;
				LastSwiftUpdateCheck = 1500;
				LastUpgradeCheck = 1500;
				TargetAttributes = {
					0447AF5C2B8729C80080D222 = {
						CreatedOnToolsVersion = 15.0.1;
					};
				};
			};
			buildConfigurationList = 0447AF582B8729C80080D222 /* Build configuration list for PBXProject "IMM1" */;
			compatibilityVersion = "Xcode 14.0";
			developmentRegion = en;
			hasScannedForEncodings = 0;
			knownRegions = (
				en,
				Base,
			);
			mainGroup = 0447AF542B8729C80080D222;
			productRefGroup = 0447AF5E2B8729C80080D222 /* Products */;
			projectDirPath = "";
			projectRoot = "";
			targets = (
				0447AF5C2B8729C80080D222 /* IMM1 */,
			);
		};
/* End PBXProject section */

/* Begin PBXResourcesBuildPhase section */
		0447AF5B2B8729C80080D222 /* Resources */ = {
			isa = PBXResourcesBuildPhase;
			buildActionMask = 2147483647;
			files = (
				0447AFDB2B872F7C0080D222 /* Userlike.xcassets in Resources */,
				0447AFDD2B8730F60080D222 /* Assets.xcassets in Resources */,
				1C923BFA2C621AFC0015D6AE /* RedPanda.xcassets in Resources */,
				04FE2EA22C1C278A00A3C730 /* Color.xcassets in Resources */,
				1C9A27482C009DFA006CE811 /* other.xcassets in Resources */,
				0447AFDA2B872F7C0080D222 /* BMI.xcassets in Resources */,
			);
			runOnlyForDeploymentPostprocessing = 0;
		};
/* End PBXResourcesBuildPhase section */

/* Begin PBXSourcesBuildPhase section */
		0447AF592B8729C80080D222 /* Sources */ = {
			isa = PBXSourcesBuildPhase;
			buildActionMask = 2147483647;
			files = (
				1C9E4EEA2C6C5BB90021B5C3 /* AIRecipeView.swift in Sources */,
				0447AFC12B872C980080D222 /* AdjustedView.swift in Sources */,
				0447AF7F2B872BBC0080D222 /* dismissKeyboard.swift in Sources */,
				1CA599992BF09D680087A795 /* RecipeBlock.swift in Sources */,
				0447AFC42B872C980080D222 /* StockView.swift in Sources */,
				0447AF802B872BBC0080D222 /* String.swift in Sources */,
				0447AFB62B872C980080D222 /* ShopView.swift in Sources */,
				0447AF862B872BE40080D222 /* ImagePicker.swift in Sources */,
				0447AF982B872C520080D222 /* User.swift in Sources */,
				0447AFB82B872C980080D222 /* MyView.swift in Sources */,
				1CB7E2BA2C903092000B8B08 /* F_RecipeBlock.swift in Sources */,
				0447AFD32B872D110080D222 /* TagButton.swift in Sources */,
				1C9E4EE82C6C52140021B5C3 /* Rec_Col_View.swift in Sources */,
				1C9E4EE62C69E0C40021B5C3 /* VideoPlayerView.swift in Sources */,
				04CE658A2C58C929001B45C9 /* AIView.swift in Sources */,
				0459852F2BB0285E006D8807 /* PlanManager.swift in Sources */,
				0447AFBD2B872C980080D222 /* PlanView.swift in Sources */,
				1C9A274A2C009E29006CE811 /* CookingAiView.swift in Sources */,
				1CF3C5612CC240070058B1B4 /* CA_Recipes_S.swift in Sources */,
				04CE659A2C5A055F001B45C9 /* CameraView.swift in Sources */,
				1C14F56F2C8846C200F2F1ED /* AIphotoView.swift in Sources */,
				0447AFBF2B872C980080D222 /* CookView.swift in Sources */,
				0447AFC62B872C980080D222 /* HyperglycemiaView.swift in Sources */,
				0447AFC22B872C980080D222 /* NowView.swift in Sources */,
				0447AFBE2B872C980080D222 /* SigninView.swift in Sources */,
				1C9E4EE42C69B7C70021B5C3 /* GIFImageView.swift in Sources */,
				0447AFD62B872D110080D222 /* EditPlanView.swift in Sources */,
				1C14F56D2C88073800F2F1ED /* MRecipeView.swift in Sources */,
				0447AFD52B872D110080D222 /* InformationLabel.swift in Sources */,
				0447AFBA2B872C980080D222 /* SpinnerView.swift in Sources */,
				0447AFB72B872C980080D222 /* FavoriteView.swift in Sources */,
				0447AFB92B872C980080D222 /* HyperlipidemiaView.swift in Sources */,
				0447AFD22B872D110080D222 /* CustomButton.swift in Sources */,
				0447AF612B8729C80080D222 /* IMM1App.swift in Sources */,
				1C14F56B2C8806E900F2F1ED /* AIRecipeBlock.swift in Sources */,
				049CD69A2BC9156A00D7AA8E /* BMI.swift in Sources */,
				0447AFC32B872C980080D222 /* ForgePasswordView.swift in Sources */,
				0447AFC82B872C980080D222 /* ContentView.swift in Sources */,
				049CD6C42BCBA72E00D7AA8E /* Menu.swift in Sources */,
				0447AFBC2B872C980080D222 /* DynamicView.swift in Sources */,
				0447AF972B872C520080D222 /* FoodOption.swift in Sources */,
				1C923BF22C61C3540015D6AE /* RecipeProtocol.swift in Sources */,
				0447AFC52B872C980080D222 /* SignupView.swift in Sources */,
				0447AFD42B872D110080D222 /* FoodSelectionView.swift in Sources */,
				0447AFC72B872C980080D222 /* BMIView.swift in Sources */,
				1CB7E2B82C902068000B8B08 /* CRecipeDetailBlock.swift in Sources */,
				1CDB20552C77242200AE12B0 /* ViewController.swift in Sources */,
				049CD6C22BCB794700D7AA8E /* BMIRecordViewModel.swift in Sources */,
				1C9E4EE22C69ABDE0021B5C3 /* LoadingView.swift in Sources */,
				1C0081722BF07CD000720927 /* PastRecipesView.swift in Sources */,
				1CDB20572C77247500AE12B0 /* HandPoseDetectionView.swift in Sources */,
				0447AFD12B872D110080D222 /* MemberButton.swift in Sources */,
				1CDB20532C77230300AE12B0 /* Custom_recipesView.swift in Sources */,
				0447AFC02B872C980080D222 /* HypertensionView.swift in Sources */,
				0447AF7E2B872BBC0080D222 /* View.swift in Sources */,
			);
			runOnlyForDeploymentPostprocessing = 0;
		};
/* End PBXSourcesBuildPhase section */

/* Begin XCBuildConfiguration section */
		0447AF692B8729C90080D222 /* Debug */ = {
			isa = XCBuildConfiguration;
			buildSettings = {
				ALWAYS_SEARCH_USER_PATHS = NO;
				ASSETCATALOG_COMPILER_GENERATE_SWIFT_ASSET_SYMBOL_EXTENSIONS = YES;
				CLANG_ANALYZER_NONNULL = YES;
				CLANG_ANALYZER_NUMBER_OBJECT_CONVERSION = YES_AGGRESSIVE;
				CLANG_CXX_LANGUAGE_STANDARD = "gnu++20";
				CLANG_ENABLE_MODULES = YES;
				CLANG_ENABLE_OBJC_ARC = YES;
				CLANG_ENABLE_OBJC_WEAK = YES;
				CLANG_WARN_BLOCK_CAPTURE_AUTORELEASING = YES;
				CLANG_WARN_BOOL_CONVERSION = YES;
				CLANG_WARN_COMMA = YES;
				CLANG_WARN_CONSTANT_CONVERSION = YES;
				CLANG_WARN_DEPRECATED_OBJC_IMPLEMENTATIONS = YES;
				CLANG_WARN_DIRECT_OBJC_ISA_USAGE = YES_ERROR;
				CLANG_WARN_DOCUMENTATION_COMMENTS = YES;
				CLANG_WARN_EMPTY_BODY = YES;
				CLANG_WARN_ENUM_CONVERSION = YES;
				CLANG_WARN_INFINITE_RECURSION = YES;
				CLANG_WARN_INT_CONVERSION = YES;
				CLANG_WARN_NON_LITERAL_NULL_CONVERSION = YES;
				CLANG_WARN_OBJC_IMPLICIT_RETAIN_SELF = YES;
				CLANG_WARN_OBJC_LITERAL_CONVERSION = YES;
				CLANG_WARN_OBJC_ROOT_CLASS = YES_ERROR;
				CLANG_WARN_QUOTED_INCLUDE_IN_FRAMEWORK_HEADER = YES;
				CLANG_WARN_RANGE_LOOP_ANALYSIS = YES;
				CLANG_WARN_STRICT_PROTOTYPES = YES;
				CLANG_WARN_SUSPICIOUS_MOVE = YES;
				CLANG_WARN_UNGUARDED_AVAILABILITY = YES_AGGRESSIVE;
				CLANG_WARN_UNREACHABLE_CODE = YES;
				CLANG_WARN__DUPLICATE_METHOD_MATCH = YES;
				COPY_PHASE_STRIP = NO;
				DEBUG_INFORMATION_FORMAT = dwarf;
				ENABLE_STRICT_OBJC_MSGSEND = YES;
				ENABLE_TESTABILITY = YES;
				ENABLE_USER_SCRIPT_SANDBOXING = YES;
				GCC_C_LANGUAGE_STANDARD = gnu17;
				GCC_DYNAMIC_NO_PIC = NO;
				GCC_NO_COMMON_BLOCKS = YES;
				GCC_OPTIMIZATION_LEVEL = 0;
				GCC_PREPROCESSOR_DEFINITIONS = (
					"DEBUG=1",
					"$(inherited)",
				);
				GCC_WARN_64_TO_32_BIT_CONVERSION = YES;
				GCC_WARN_ABOUT_RETURN_TYPE = YES_ERROR;
				GCC_WARN_UNDECLARED_SELECTOR = YES;
				GCC_WARN_UNINITIALIZED_AUTOS = YES_AGGRESSIVE;
				GCC_WARN_UNUSED_FUNCTION = YES;
				GCC_WARN_UNUSED_VARIABLE = YES;
				IPHONEOS_DEPLOYMENT_TARGET = 17.0;
				LOCALIZATION_PREFERS_STRING_CATALOGS = YES;
				MTL_ENABLE_DEBUG_INFO = INCLUDE_SOURCE;
				MTL_FAST_MATH = YES;
				ONLY_ACTIVE_ARCH = YES;
				SDKROOT = iphoneos;
				SWIFT_ACTIVE_COMPILATION_CONDITIONS = "DEBUG $(inherited)";
				SWIFT_OPTIMIZATION_LEVEL = "-Onone";
			};
			name = Debug;
		};
		0447AF6A2B8729C90080D222 /* Release */ = {
			isa = XCBuildConfiguration;
			buildSettings = {
				ALWAYS_SEARCH_USER_PATHS = NO;
				ASSETCATALOG_COMPILER_GENERATE_SWIFT_ASSET_SYMBOL_EXTENSIONS = YES;
				CLANG_ANALYZER_NONNULL = YES;
				CLANG_ANALYZER_NUMBER_OBJECT_CONVERSION = YES_AGGRESSIVE;
				CLANG_CXX_LANGUAGE_STANDARD = "gnu++20";
				CLANG_ENABLE_MODULES = YES;
				CLANG_ENABLE_OBJC_ARC = YES;
				CLANG_ENABLE_OBJC_WEAK = YES;
				CLANG_WARN_BLOCK_CAPTURE_AUTORELEASING = YES;
				CLANG_WARN_BOOL_CONVERSION = YES;
				CLANG_WARN_COMMA = YES;
				CLANG_WARN_CONSTANT_CONVERSION = YES;
				CLANG_WARN_DEPRECATED_OBJC_IMPLEMENTATIONS = YES;
				CLANG_WARN_DIRECT_OBJC_ISA_USAGE = YES_ERROR;
				CLANG_WARN_DOCUMENTATION_COMMENTS = YES;
				CLANG_WARN_EMPTY_BODY = YES;
				CLANG_WARN_ENUM_CONVERSION = YES;
				CLANG_WARN_INFINITE_RECURSION = YES;
				CLANG_WARN_INT_CONVERSION = YES;
				CLANG_WARN_NON_LITERAL_NULL_CONVERSION = YES;
				CLANG_WARN_OBJC_IMPLICIT_RETAIN_SELF = YES;
				CLANG_WARN_OBJC_LITERAL_CONVERSION = YES;
				CLANG_WARN_OBJC_ROOT_CLASS = YES_ERROR;
				CLANG_WARN_QUOTED_INCLUDE_IN_FRAMEWORK_HEADER = YES;
				CLANG_WARN_RANGE_LOOP_ANALYSIS = YES;
				CLANG_WARN_STRICT_PROTOTYPES = YES;
				CLANG_WARN_SUSPICIOUS_MOVE = YES;
				CLANG_WARN_UNGUARDED_AVAILABILITY = YES_AGGRESSIVE;
				CLANG_WARN_UNREACHABLE_CODE = YES;
				CLANG_WARN__DUPLICATE_METHOD_MATCH = YES;
				COPY_PHASE_STRIP = NO;
				DEBUG_INFORMATION_FORMAT = "dwarf-with-dsym";
				ENABLE_NS_ASSERTIONS = NO;
				ENABLE_STRICT_OBJC_MSGSEND = YES;
				ENABLE_USER_SCRIPT_SANDBOXING = YES;
				GCC_C_LANGUAGE_STANDARD = gnu17;
				GCC_NO_COMMON_BLOCKS = YES;
				GCC_WARN_64_TO_32_BIT_CONVERSION = YES;
				GCC_WARN_ABOUT_RETURN_TYPE = YES_ERROR;
				GCC_WARN_UNDECLARED_SELECTOR = YES;
				GCC_WARN_UNINITIALIZED_AUTOS = YES_AGGRESSIVE;
				GCC_WARN_UNUSED_FUNCTION = YES;
				GCC_WARN_UNUSED_VARIABLE = YES;
				IPHONEOS_DEPLOYMENT_TARGET = 17.0;
				LOCALIZATION_PREFERS_STRING_CATALOGS = YES;
				MTL_ENABLE_DEBUG_INFO = NO;
				MTL_FAST_MATH = YES;
				SDKROOT = iphoneos;
				SWIFT_COMPILATION_MODE = wholemodule;
				VALIDATE_PRODUCT = YES;
			};
			name = Release;
		};
		0447AF6C2B8729C90080D222 /* Debug */ = {
			isa = XCBuildConfiguration;
			buildSettings = {
				ASSETCATALOG_COMPILER_APPICON_NAME = AppIcon;
				ASSETCATALOG_COMPILER_GLOBAL_ACCENT_COLOR_NAME = AccentColor;
				CODE_SIGN_STYLE = Automatic;
				CURRENT_PROJECT_VERSION = 1;
				DEVELOPMENT_ASSET_PATHS = "\"IMM1/Preview Content\"";
				DEVELOPMENT_TEAM = 5368N29Z5Z;
				ENABLE_PREVIEWS = YES;
				GENERATE_INFOPLIST_FILE = YES;
				INFOPLIST_FILE = IMM1/Info.plist;
				INFOPLIST_KEY_NSCameraUsageDescription = "相機";
				INFOPLIST_KEY_NSPhotoLibraryAddUsageDescription = "圖片";
				INFOPLIST_KEY_NSPhotoLibraryUsageDescription = "圖片";
				INFOPLIST_KEY_UIApplicationSceneManifest_Generation = YES;
				INFOPLIST_KEY_UIApplicationSupportsIndirectInputEvents = YES;
				INFOPLIST_KEY_UILaunchScreen_Generation = YES;
				INFOPLIST_KEY_UISupportedInterfaceOrientations_iPad = "UIInterfaceOrientationPortrait UIInterfaceOrientationPortraitUpsideDown UIInterfaceOrientationLandscapeLeft UIInterfaceOrientationLandscapeRight";
				INFOPLIST_KEY_UISupportedInterfaceOrientations_iPhone = "UIInterfaceOrientationPortrait UIInterfaceOrientationLandscapeLeft UIInterfaceOrientationLandscapeRight";
				LD_RUNPATH_SEARCH_PATHS = (
					"$(inherited)",
					"@executable_path/Frameworks",
				);
				MARKETING_VERSION = 1.0;
				PRODUCT_BUNDLE_IDENTIFIER = GPCYUT;
				PRODUCT_NAME = "$(TARGET_NAME)";
				SWIFT_EMIT_LOC_STRINGS = YES;
				SWIFT_VERSION = 5.0;
				TARGETED_DEVICE_FAMILY = "1,2";
			};
			name = Debug;
		};
		0447AF6D2B8729C90080D222 /* Release */ = {
			isa = XCBuildConfiguration;
			buildSettings = {
				ASSETCATALOG_COMPILER_APPICON_NAME = AppIcon;
				ASSETCATALOG_COMPILER_GLOBAL_ACCENT_COLOR_NAME = AccentColor;
				CODE_SIGN_STYLE = Automatic;
				CURRENT_PROJECT_VERSION = 1;
				DEVELOPMENT_ASSET_PATHS = "\"IMM1/Preview Content\"";
				DEVELOPMENT_TEAM = 5368N29Z5Z;
				ENABLE_PREVIEWS = YES;
				GENERATE_INFOPLIST_FILE = YES;
				INFOPLIST_FILE = IMM1/Info.plist;
				INFOPLIST_KEY_NSCameraUsageDescription = "相機";
				INFOPLIST_KEY_NSPhotoLibraryAddUsageDescription = "圖片";
				INFOPLIST_KEY_NSPhotoLibraryUsageDescription = "圖片";
				INFOPLIST_KEY_UIApplicationSceneManifest_Generation = YES;
				INFOPLIST_KEY_UIApplicationSupportsIndirectInputEvents = YES;
				INFOPLIST_KEY_UILaunchScreen_Generation = YES;
				INFOPLIST_KEY_UISupportedInterfaceOrientations_iPad = "UIInterfaceOrientationPortrait UIInterfaceOrientationPortraitUpsideDown UIInterfaceOrientationLandscapeLeft UIInterfaceOrientationLandscapeRight";
				INFOPLIST_KEY_UISupportedInterfaceOrientations_iPhone = "UIInterfaceOrientationPortrait UIInterfaceOrientationLandscapeLeft UIInterfaceOrientationLandscapeRight";
				LD_RUNPATH_SEARCH_PATHS = (
					"$(inherited)",
					"@executable_path/Frameworks",
				);
				MARKETING_VERSION = 1.0;
				PRODUCT_BUNDLE_IDENTIFIER = GPCYUT;
				PRODUCT_NAME = "$(TARGET_NAME)";
				SWIFT_EMIT_LOC_STRINGS = YES;
				SWIFT_VERSION = 5.0;
				TARGETED_DEVICE_FAMILY = "1,2";
			};
			name = Release;
		};
/* End XCBuildConfiguration section */

/* Begin XCConfigurationList section */
		0447AF582B8729C80080D222 /* Build configuration list for PBXProject "IMM1" */ = {
			isa = XCConfigurationList;
			buildConfigurations = (
				0447AF692B8729C90080D222 /* Debug */,
				0447AF6A2B8729C90080D222 /* Release */,
			);
			defaultConfigurationIsVisible = 0;
			defaultConfigurationName = Release;
		};
		0447AF6B2B8729C90080D222 /* Build configuration list for PBXNativeTarget "IMM1" */ = {
			isa = XCConfigurationList;
			buildConfigurations = (
				0447AF6C2B8729C90080D222 /* Debug */,
				0447AF6D2B8729C90080D222 /* Release */,
			);
			defaultConfigurationIsVisible = 0;
			defaultConfigurationName = Release;
		};
/* End XCConfigurationList section */
	};
	rootObject = 0447AF552B8729C80080D222 /* Project object */;
}
